PODS:
  - Alamofire (5.6.4)
  - MBProgressHUD (1.2.0)
  - Runtime (2.2.2)
  - SwiftyJSON (5.0.1)

DEPENDENCIES:
  - Alamofire
  - MBProgressHUD
  - Runtime
  - SwiftyJSON

SPEC REPOS:
  trunk:
    - Alamofire
    - MBProgressHUD
    - Runtime
    - SwiftyJSON

SPEC CHECKSUMS:
  Alamofire: 4e95d97098eacb88856099c4fc79b526a299e48c
  MBProgressHUD: 3ee5efcc380f6a79a7cc9b363dd669c5e1ae7406
  Runtime: 67741bd196fb4ad821c4d259ccc527bf734d8806
  SwiftyJSON: 2f33a42c6fbc52764d96f13368585094bfd8aa5e

PODFILE CHECKSUM: 483da5a54467068e792ca509f031383fd11925b3

COCOAPODS: 1.11.3
